// !$*UTF8*$!
{
	archiveVersion = 1;
	classes = {
	};
	objectVersion = 51;
	objects = {

/* Begin PBXBuildFile section */
		165BE0F8A3BAA375123A6689 /* libPods-MARTITests.a in Frameworks */ = {isa = PBXBuildFile; fileRef = 11D8FB76F798C9D16507E850 /* libPods-MARTITests.a */; };
		43AEEB468933E9F34B66F21F /* libPods-MARTI.a in Frameworks */ = {isa = PBXBuildFile; fileRef = 10C2E87CC312516F7D553183 /* libPods-MARTI.a */; };
		6720800524AE1306004E4681 /* ResourceLoader.swift in Sources */ = {isa = PBXBuildFile; fileRef = 674B5A7B24ACA4C000F1E4F9 /* ResourceLoader.swift */; };
		6720800724AE13AE004E4681 /* MARTITests.swift in Sources */ = {isa = PBXBuildFile; fileRef = 6720800624AE13AE004E4681 /* MARTITests.swift */; };
		6720801124AE1F2D004E4681 /* search.json in Resources */ = {isa = PBXBuildFile; fileRef = 67207FED24ADFD5E004E4681 /* search.json */; };
		67301DB924AB45730059E606 /* AppDelegate.swift in Sources */ = {isa = PBXBuildFile; fileRef = 67301DB824AB45730059E606 /* AppDelegate.swift */; };
		67301DC224AB45740059E606 /* Assets.xcassets in Resources */ = {isa = PBXBuildFile; fileRef = 67301DC124AB45740059E606 /* Assets.xcassets */; };
		67301DC524AB45740059E606 /* LaunchScreen.storyboard in Resources */ = {isa = PBXBuildFile; fileRef = 67301DC324AB45740059E606 /* LaunchScreen.storyboard */; };
		67301DCE24AB47BD0059E606 /* AppContainer.swift in Sources */ = {isa = PBXBuildFile; fileRef = 67301DCD24AB47BD0059E606 /* AppContainer.swift */; };
		67301DD024AB47C80059E606 /* AppRouter.swift in Sources */ = {isa = PBXBuildFile; fileRef = 67301DCF24AB47C80059E606 /* AppRouter.swift */; };
		67301DD624AB489F0059E606 /* PlaceListBuilder.swift in Sources */ = {isa = PBXBuildFile; fileRef = 67301DD524AB489F0059E606 /* PlaceListBuilder.swift */; };
		67301DD824AB48B40059E606 /* PlaceListInteractor.swift in Sources */ = {isa = PBXBuildFile; fileRef = 67301DD724AB48B40059E606 /* PlaceListInteractor.swift */; };
		67301DDA24AB48C50059E606 /* PlaceListRouter.swift in Sources */ = {isa = PBXBuildFile; fileRef = 67301DD924AB48C50059E606 /* PlaceListRouter.swift */; };
		67301DDC24AB48D20059E606 /* PlaceListPresenter.swift in Sources */ = {isa = PBXBuildFile; fileRef = 67301DDB24AB48D20059E606 /* PlaceListPresenter.swift */; };
		67301DDF24AB48FD0059E606 /* PlaceListViewController.swift in Sources */ = {isa = PBXBuildFile; fileRef = 67301DDE24AB48FD0059E606 /* PlaceListViewController.swift */; };
		67301DE124AB49460059E606 /* PlaceListContracts.swift in Sources */ = {isa = PBXBuildFile; fileRef = 67301DE024AB49460059E606 /* PlaceListContracts.swift */; };
		67301DE524AB57DE0059E606 /* Place.swift in Sources */ = {isa = PBXBuildFile; fileRef = 67301DE424AB57DE0059E606 /* Place.swift */; };
		67301DE824AB5EEA0059E606 /* APIClient.swift in Sources */ = {isa = PBXBuildFile; fileRef = 67301DE724AB5EEA0059E606 /* APIClient.swift */; };
		67301DEA24AB60130059E606 /* APIRouter.swift in Sources */ = {isa = PBXBuildFile; fileRef = 67301DE924AB60130059E606 /* APIRouter.swift */; };
		67301DEC24AB60460059E606 /* Constants.swift in Sources */ = {isa = PBXBuildFile; fileRef = 67301DEB24AB60460059E606 /* Constants.swift */; };
		67301DEE24AB61700059E606 /* Search.swift in Sources */ = {isa = PBXBuildFile; fileRef = 67301DED24AB61700059E606 /* Search.swift */; };
		6738C53424AB6FEC00B44AEE /* Geometry.swift in Sources */ = {isa = PBXBuildFile; fileRef = 6738C53324AB6FEC00B44AEE /* Geometry.swift */; };
		6738C53624ABAAA100B44AEE /* Location.swift in Sources */ = {isa = PBXBuildFile; fileRef = 6738C53524ABAAA100B44AEE /* Location.swift */; };
		6738C53824ABABF300B44AEE /* PlaceList.storyboard in Resources */ = {isa = PBXBuildFile; fileRef = 6738C53724ABABF300B44AEE /* PlaceList.storyboard */; };
		6738C53C24ABB86100B44AEE /* SearchTableViewCell.swift in Sources */ = {isa = PBXBuildFile; fileRef = 6738C53A24ABB86100B44AEE /* SearchTableViewCell.swift */; };
		6738C53D24ABB86100B44AEE /* SearchTableViewCell.xib in Resources */ = {isa = PBXBuildFile; fileRef = 6738C53B24ABB86100B44AEE /* SearchTableViewCell.xib */; };
		674B5A5424AC73C200F1E4F9 /* PlaceDetailBuilder.swift in Sources */ = {isa = PBXBuildFile; fileRef = 674B5A5324AC73C200F1E4F9 /* PlaceDetailBuilder.swift */; };
		674B5A5624AC73E300F1E4F9 /* PlaceDetailViewController.swift in Sources */ = {isa = PBXBuildFile; fileRef = 674B5A5524AC73E300F1E4F9 /* PlaceDetailViewController.swift */; };
		674B5A5824AC73F800F1E4F9 /* PlaceDetailContracts.swift in Sources */ = {isa = PBXBuildFile; fileRef = 674B5A5724AC73F800F1E4F9 /* PlaceDetailContracts.swift */; };
		674B5A5A24AC740B00F1E4F9 /* PlaceDetailPresenter.swift in Sources */ = {isa = PBXBuildFile; fileRef = 674B5A5924AC740B00F1E4F9 /* PlaceDetailPresenter.swift */; };
		674B5A5C24AC750200F1E4F9 /* PlaceDetail.storyboard in Resources */ = {isa = PBXBuildFile; fileRef = 674B5A5B24AC750200F1E4F9 /* PlaceDetail.storyboard */; };
		674B5A5E24AC78D200F1E4F9 /* MapBuilder.swift in Sources */ = {isa = PBXBuildFile; fileRef = 674B5A5D24AC78D200F1E4F9 /* MapBuilder.swift */; };
		674B5A6024AC78E900F1E4F9 /* MapViewController.swift in Sources */ = {isa = PBXBuildFile; fileRef = 674B5A5F24AC78E900F1E4F9 /* MapViewController.swift */; };
		674B5A6224AC78FC00F1E4F9 /* MapContracts.swift in Sources */ = {isa = PBXBuildFile; fileRef = 674B5A6124AC78FB00F1E4F9 /* MapContracts.swift */; };
		674B5A6424AC790700F1E4F9 /* MapPresenter.swift in Sources */ = {isa = PBXBuildFile; fileRef = 674B5A6324AC790700F1E4F9 /* MapPresenter.swift */; };
		674B5A6624AC792300F1E4F9 /* MapRouter.swift in Sources */ = {isa = PBXBuildFile; fileRef = 674B5A6524AC792300F1E4F9 /* MapRouter.swift */; };
		674B5A6A24AC794B00F1E4F9 /* Map.storyboard in Resources */ = {isa = PBXBuildFile; fileRef = 674B5A6924AC794B00F1E4F9 /* Map.storyboard */; };
		674B5A7F24ACB2B600F1E4F9 /* LoadingView.swift in Sources */ = {isa = PBXBuildFile; fileRef = 674B5A7E24ACB2B600F1E4F9 /* LoadingView.swift */; };
		674B5A8124ACC43200F1E4F9 /* UIViewController.swift in Sources */ = {isa = PBXBuildFile; fileRef = 674B5A8024ACC43200F1E4F9 /* UIViewController.swift */; };
		674B5A8624ACD19400F1E4F9 /* DetailTableViewCell.swift in Sources */ = {isa = PBXBuildFile; fileRef = 674B5A8424ACD19400F1E4F9 /* DetailTableViewCell.swift */; };
		674B5A8724ACD19400F1E4F9 /* DetailTableViewCell.xib in Resources */ = {isa = PBXBuildFile; fileRef = 674B5A8524ACD19400F1E4F9 /* DetailTableViewCell.xib */; };
		674B5A8924ACD1E900F1E4F9 /* KeyValue.swift in Sources */ = {isa = PBXBuildFile; fileRef = 674B5A8824ACD1E900F1E4F9 /* KeyValue.swift */; };
		674B5A8D24ACDA7200F1E4F9 /* Helper.swift in Sources */ = {isa = PBXBuildFile; fileRef = 674B5A8C24ACDA7200F1E4F9 /* Helper.swift */; };
		674B5A8F24AD08DE00F1E4F9 /* Photos.swift in Sources */ = {isa = PBXBuildFile; fileRef = 674B5A8E24AD08DE00F1E4F9 /* Photos.swift */; };
/* End PBXBuildFile section */

/* Begin PBXContainerItemProxy section */
		6720800024AE12F7004E4681 /* PBXContainerItemProxy */ = {
			isa = PBXContainerItemProxy;
			containerPortal = 67301DAD24AB45730059E606 /* Project object */;
			proxyType = 1;
			remoteGlobalIDString = 67301DB424AB45730059E606;
			remoteInfo = MARTI;
		};
/* End PBXContainerItemProxy section */

/* Begin PBXFileReference section */
		042FAA112B80F0A9A75538AD /* Pods-MARTITests.debug.xcconfig */ = {isa = PBXFileReference; includeInIndex = 1; lastKnownFileType = text.xcconfig; name = "Pods-MARTITests.debug.xcconfig"; path = "Target Support Files/Pods-MARTITests/Pods-MARTITests.debug.xcconfig"; sourceTree = "<group>"; };
		10C2E87CC312516F7D553183 /* libPods-MARTI.a */ = {isa = PBXFileReference; explicitFileType = archive.ar; includeInIndex = 0; path = "libPods-MARTI.a"; sourceTree = BUILT_PRODUCTS_DIR; };
		11D8FB76F798C9D16507E850 /* libPods-MARTITests.a */ = {isa = PBXFileReference; explicitFileType = archive.ar; includeInIndex = 0; path = "libPods-MARTITests.a"; sourceTree = BUILT_PRODUCTS_DIR; };
		67207FEB24ADF89F004E4681 /* PromiseKit.framework */ = {isa = PBXFileReference; explicitFileType = wrapper.framework; path = PromiseKit.framework; sourceTree = BUILT_PRODUCTS_DIR; };
		67207FED24ADFD5E004E4681 /* search.json */ = {isa = PBXFileReference; lastKnownFileType = text.json; path = search.json; sourceTree = "<group>"; };
		67207FFB24AE12F7004E4681 /* MARTITests.xctest */ = {isa = PBXFileReference; explicitFileType = wrapper.cfbundle; includeInIndex = 0; path = MARTITests.xctest; sourceTree = BUILT_PRODUCTS_DIR; };
		67207FFF24AE12F7004E4681 /* Info.plist */ = {isa = PBXFileReference; lastKnownFileType = text.plist.xml; path = Info.plist; sourceTree = "<group>"; };
		6720800624AE13AE004E4681 /* MARTITests.swift */ = {isa = PBXFileReference; lastKnownFileType = sourcecode.swift; path = MARTITests.swift; sourceTree = "<group>"; };
		6720800D24AE163D004E4681 /* PromiseKit.framework */ = {isa = PBXFileReference; explicitFileType = wrapper.framework; path = PromiseKit.framework; sourceTree = BUILT_PRODUCTS_DIR; };
		6720800F24AE1643004E4681 /* Pods_MARTI.framework */ = {isa = PBXFileReference; explicitFileType = wrapper.framework; path = Pods_MARTI.framework; sourceTree = BUILT_PRODUCTS_DIR; };
		67301DB524AB45730059E606 /* MARTI.app */ = {isa = PBXFileReference; explicitFileType = wrapper.application; includeInIndex = 0; path = MARTI.app; sourceTree = BUILT_PRODUCTS_DIR; };
		67301DB824AB45730059E606 /* AppDelegate.swift */ = {isa = PBXFileReference; lastKnownFileType = sourcecode.swift; path = AppDelegate.swift; sourceTree = "<group>"; };
		67301DC124AB45740059E606 /* Assets.xcassets */ = {isa = PBXFileReference; lastKnownFileType = folder.assetcatalog; path = Assets.xcassets; sourceTree = "<group>"; };
		67301DC424AB45740059E606 /* Base */ = {isa = PBXFileReference; lastKnownFileType = file.storyboard; name = Base; path = Base.lproj/LaunchScreen.storyboard; sourceTree = "<group>"; };
		67301DC624AB45740059E606 /* Info.plist */ = {isa = PBXFileReference; lastKnownFileType = text.plist.xml; path = Info.plist; sourceTree = "<group>"; };
		67301DCD24AB47BD0059E606 /* AppContainer.swift */ = {isa = PBXFileReference; lastKnownFileType = sourcecode.swift; path = AppContainer.swift; sourceTree = "<group>"; };
		67301DCF24AB47C80059E606 /* AppRouter.swift */ = {isa = PBXFileReference; lastKnownFileType = sourcecode.swift; path = AppRouter.swift; sourceTree = "<group>"; };
		67301DD524AB489F0059E606 /* PlaceListBuilder.swift */ = {isa = PBXFileReference; lastKnownFileType = sourcecode.swift; path = PlaceListBuilder.swift; sourceTree = "<group>"; };
		67301DD724AB48B40059E606 /* PlaceListInteractor.swift */ = {isa = PBXFileReference; lastKnownFileType = sourcecode.swift; path = PlaceListInteractor.swift; sourceTree = "<group>"; };
		67301DD924AB48C50059E606 /* PlaceListRouter.swift */ = {isa = PBXFileReference; lastKnownFileType = sourcecode.swift; path = PlaceListRouter.swift; sourceTree = "<group>"; };
		67301DDB24AB48D20059E606 /* PlaceListPresenter.swift */ = {isa = PBXFileReference; lastKnownFileType = sourcecode.swift; path = PlaceListPresenter.swift; sourceTree = "<group>"; };
		67301DDE24AB48FD0059E606 /* PlaceListViewController.swift */ = {isa = PBXFileReference; lastKnownFileType = sourcecode.swift; path = PlaceListViewController.swift; sourceTree = "<group>"; };
		67301DE024AB49460059E606 /* PlaceListContracts.swift */ = {isa = PBXFileReference; lastKnownFileType = sourcecode.swift; path = PlaceListContracts.swift; sourceTree = "<group>"; };
		67301DE424AB57DE0059E606 /* Place.swift */ = {isa = PBXFileReference; lastKnownFileType = sourcecode.swift; path = Place.swift; sourceTree = "<group>"; };
		67301DE724AB5EEA0059E606 /* APIClient.swift */ = {isa = PBXFileReference; lastKnownFileType = sourcecode.swift; path = APIClient.swift; sourceTree = "<group>"; };
		67301DE924AB60130059E606 /* APIRouter.swift */ = {isa = PBXFileReference; lastKnownFileType = sourcecode.swift; path = APIRouter.swift; sourceTree = "<group>"; };
		67301DEB24AB60460059E606 /* Constants.swift */ = {isa = PBXFileReference; lastKnownFileType = sourcecode.swift; path = Constants.swift; sourceTree = "<group>"; };
		67301DED24AB61700059E606 /* Search.swift */ = {isa = PBXFileReference; lastKnownFileType = sourcecode.swift; path = Search.swift; sourceTree = "<group>"; };
		6738C53324AB6FEC00B44AEE /* Geometry.swift */ = {isa = PBXFileReference; lastKnownFileType = sourcecode.swift; path = Geometry.swift; sourceTree = "<group>"; };
		6738C53524ABAAA100B44AEE /* Location.swift */ = {isa = PBXFileReference; lastKnownFileType = sourcecode.swift; path = Location.swift; sourceTree = "<group>"; };
		6738C53724ABABF300B44AEE /* PlaceList.storyboard */ = {isa = PBXFileReference; lastKnownFileType = file.storyboard; path = PlaceList.storyboard; sourceTree = "<group>"; };
		6738C53A24ABB86100B44AEE /* SearchTableViewCell.swift */ = {isa = PBXFileReference; lastKnownFileType = sourcecode.swift; path = SearchTableViewCell.swift; sourceTree = "<group>"; };
		6738C53B24ABB86100B44AEE /* SearchTableViewCell.xib */ = {isa = PBXFileReference; lastKnownFileType = file.xib; path = SearchTableViewCell.xib; sourceTree = "<group>"; };
		674B5A5324AC73C200F1E4F9 /* PlaceDetailBuilder.swift */ = {isa = PBXFileReference; lastKnownFileType = sourcecode.swift; path = PlaceDetailBuilder.swift; sourceTree = "<group>"; };
		674B5A5524AC73E300F1E4F9 /* PlaceDetailViewController.swift */ = {isa = PBXFileReference; lastKnownFileType = sourcecode.swift; path = PlaceDetailViewController.swift; sourceTree = "<group>"; };
		674B5A5724AC73F800F1E4F9 /* PlaceDetailContracts.swift */ = {isa = PBXFileReference; lastKnownFileType = sourcecode.swift; path = PlaceDetailContracts.swift; sourceTree = "<group>"; };
		674B5A5924AC740B00F1E4F9 /* PlaceDetailPresenter.swift */ = {isa = PBXFileReference; lastKnownFileType = sourcecode.swift; path = PlaceDetailPresenter.swift; sourceTree = "<group>"; };
		674B5A5B24AC750200F1E4F9 /* PlaceDetail.storyboard */ = {isa = PBXFileReference; lastKnownFileType = file.storyboard; path = PlaceDetail.storyboard; sourceTree = "<group>"; };
		674B5A5D24AC78D200F1E4F9 /* MapBuilder.swift */ = {isa = PBXFileReference; lastKnownFileType = sourcecode.swift; path = MapBuilder.swift; sourceTree = "<group>"; };
		674B5A5F24AC78E900F1E4F9 /* MapViewController.swift */ = {isa = PBXFileReference; lastKnownFileType = sourcecode.swift; path = MapViewController.swift; sourceTree = "<group>"; };
		674B5A6124AC78FB00F1E4F9 /* MapContracts.swift */ = {isa = PBXFileReference; lastKnownFileType = sourcecode.swift; path = MapContracts.swift; sourceTree = "<group>"; };
		674B5A6324AC790700F1E4F9 /* MapPresenter.swift */ = {isa = PBXFileReference; lastKnownFileType = sourcecode.swift; path = MapPresenter.swift; sourceTree = "<group>"; };
		674B5A6524AC792300F1E4F9 /* MapRouter.swift */ = {isa = PBXFileReference; lastKnownFileType = sourcecode.swift; path = MapRouter.swift; sourceTree = "<group>"; };
		674B5A6924AC794B00F1E4F9 /* Map.storyboard */ = {isa = PBXFileReference; lastKnownFileType = file.storyboard; path = Map.storyboard; sourceTree = "<group>"; };
		674B5A7B24ACA4C000F1E4F9 /* ResourceLoader.swift */ = {isa = PBXFileReference; lastKnownFileType = sourcecode.swift; path = ResourceLoader.swift; sourceTree = "<group>"; };
		674B5A7E24ACB2B600F1E4F9 /* LoadingView.swift */ = {isa = PBXFileReference; lastKnownFileType = sourcecode.swift; path = LoadingView.swift; sourceTree = "<group>"; };
		674B5A8024ACC43200F1E4F9 /* UIViewController.swift */ = {isa = PBXFileReference; lastKnownFileType = sourcecode.swift; path = UIViewController.swift; sourceTree = "<group>"; };
		674B5A8424ACD19400F1E4F9 /* DetailTableViewCell.swift */ = {isa = PBXFileReference; lastKnownFileType = sourcecode.swift; path = DetailTableViewCell.swift; sourceTree = "<group>"; };
		674B5A8524ACD19400F1E4F9 /* DetailTableViewCell.xib */ = {isa = PBXFileReference; lastKnownFileType = file.xib; path = DetailTableViewCell.xib; sourceTree = "<group>"; };
		674B5A8824ACD1E900F1E4F9 /* KeyValue.swift */ = {isa = PBXFileReference; lastKnownFileType = sourcecode.swift; path = KeyValue.swift; sourceTree = "<group>"; };
		674B5A8C24ACDA7200F1E4F9 /* Helper.swift */ = {isa = PBXFileReference; lastKnownFileType = sourcecode.swift; path = Helper.swift; sourceTree = "<group>"; };
		674B5A8E24AD08DE00F1E4F9 /* Photos.swift */ = {isa = PBXFileReference; lastKnownFileType = sourcecode.swift; path = Photos.swift; sourceTree = "<group>"; };
		6ADE0DFD74BB7999FADE4A3C /* Pods-MARTI.release.xcconfig */ = {isa = PBXFileReference; includeInIndex = 1; lastKnownFileType = text.xcconfig; name = "Pods-MARTI.release.xcconfig"; path = "Target Support Files/Pods-MARTI/Pods-MARTI.release.xcconfig"; sourceTree = "<group>"; };
		A03617AFF0F5E839DDE6FFD8 /* Pods-MARTITests.release.xcconfig */ = {isa = PBXFileReference; includeInIndex = 1; lastKnownFileType = text.xcconfig; name = "Pods-MARTITests.release.xcconfig"; path = "Target Support Files/Pods-MARTITests/Pods-MARTITests.release.xcconfig"; sourceTree = "<group>"; };
		A2E70733BB06DA9E4E9A27AB /* Pods-MARTI.debug.xcconfig */ = {isa = PBXFileReference; includeInIndex = 1; lastKnownFileType = text.xcconfig; name = "Pods-MARTI.debug.xcconfig"; path = "Target Support Files/Pods-MARTI/Pods-MARTI.debug.xcconfig"; sourceTree = "<group>"; };
/* End PBXFileReference section */

/* Begin PBXFrameworksBuildPhase section */
		67207FF824AE12F7004E4681 /* Frameworks */ = {
			isa = PBXFrameworksBuildPhase;
			buildActionMask = 2147483647;
			files = (
				165BE0F8A3BAA375123A6689 /* libPods-MARTITests.a in Frameworks */,
			);
			runOnlyForDeploymentPostprocessing = 0;
		};
		67301DB224AB45730059E606 /* Frameworks */ = {
			isa = PBXFrameworksBuildPhase;
			buildActionMask = 2147483647;
			files = (
				43AEEB468933E9F34B66F21F /* libPods-MARTI.a in Frameworks */,
			);
			runOnlyForDeploymentPostprocessing = 0;
		};
/* End PBXFrameworksBuildPhase section */

/* Begin PBXGroup section */
		105C60EE0C0F795E632F5C1B /* Frameworks */ = {
			isa = PBXGroup;
			children = (
				6720800F24AE1643004E4681 /* Pods_MARTI.framework */,
				6720800D24AE163D004E4681 /* PromiseKit.framework */,
				67207FEB24ADF89F004E4681 /* PromiseKit.framework */,
				10C2E87CC312516F7D553183 /* libPods-MARTI.a */,
				11D8FB76F798C9D16507E850 /* libPods-MARTITests.a */,
			);
			name = Frameworks;
			sourceTree = "<group>";
		};
		64235B1DD62901E892964E74 /* Pods */ = {
			isa = PBXGroup;
			children = (
				A2E70733BB06DA9E4E9A27AB /* Pods-MARTI.debug.xcconfig */,
				6ADE0DFD74BB7999FADE4A3C /* Pods-MARTI.release.xcconfig */,
				042FAA112B80F0A9A75538AD /* Pods-MARTITests.debug.xcconfig */,
				A03617AFF0F5E839DDE6FFD8 /* Pods-MARTITests.release.xcconfig */,
			);
			path = Pods;
			sourceTree = "<group>";
		};
		67207FFC24AE12F7004E4681 /* MARTITests */ = {
			isa = PBXGroup;
			children = (
				67207FED24ADFD5E004E4681 /* search.json */,
				674B5A7B24ACA4C000F1E4F9 /* ResourceLoader.swift */,
				67207FFF24AE12F7004E4681 /* Info.plist */,
				6720800624AE13AE004E4681 /* MARTITests.swift */,
			);
			path = MARTITests;
			sourceTree = "<group>";
		};
		67301DAC24AB45730059E606 = {
			isa = PBXGroup;
			children = (
				67301DB724AB45730059E606 /* MARTI */,
				67207FFC24AE12F7004E4681 /* MARTITests */,
				67301DB624AB45730059E606 /* Products */,
				64235B1DD62901E892964E74 /* Pods */,
				105C60EE0C0F795E632F5C1B /* Frameworks */,
			);
			sourceTree = "<group>";
		};
		67301DB624AB45730059E606 /* Products */ = {
			isa = PBXGroup;
			children = (
				67301DB524AB45730059E606 /* MARTI.app */,
				67207FFB24AE12F7004E4681 /* MARTITests.xctest */,
			);
			name = Products;
			sourceTree = "<group>";
		};
		67301DB724AB45730059E606 /* MARTI */ = {
			isa = PBXGroup;
			children = (
				674B5A7D24ACB2A500F1E4F9 /* Utility */,
				67301DE624AB5E5C0059E606 /* Network */,
				67301DE324AB579D0059E606 /* Model */,
				67301DD124AB48220059E606 /* Scenes */,
				67301DCC24AB478F0059E606 /* App */,
				67301DC124AB45740059E606 /* Assets.xcassets */,
				67301DC324AB45740059E606 /* LaunchScreen.storyboard */,
				67301DC624AB45740059E606 /* Info.plist */,
			);
			path = MARTI;
			sourceTree = "<group>";
		};
		67301DCC24AB478F0059E606 /* App */ = {
			isa = PBXGroup;
			children = (
				67301DB824AB45730059E606 /* AppDelegate.swift */,
				67301DCD24AB47BD0059E606 /* AppContainer.swift */,
				67301DCF24AB47C80059E606 /* AppRouter.swift */,
			);
			path = App;
			sourceTree = "<group>";
		};
		67301DD124AB48220059E606 /* Scenes */ = {
			isa = PBXGroup;
			children = (
				67301DD424AB48670059E606 /* PlaceDetail */,
				67301DD324AB485E0059E606 /* Map */,
				67301DD224AB484D0059E606 /* PlaceList */,
			);
			path = Scenes;
			sourceTree = "<group>";
		};
		67301DD224AB484D0059E606 /* PlaceList */ = {
			isa = PBXGroup;
			children = (
				6738C53924ABB84600B44AEE /* SearchListCell */,
				67301DD524AB489F0059E606 /* PlaceListBuilder.swift */,
				67301DD724AB48B40059E606 /* PlaceListInteractor.swift */,
				67301DD924AB48C50059E606 /* PlaceListRouter.swift */,
				67301DDB24AB48D20059E606 /* PlaceListPresenter.swift */,
				67301DDE24AB48FD0059E606 /* PlaceListViewController.swift */,
				67301DE024AB49460059E606 /* PlaceListContracts.swift */,
				6738C53724ABABF300B44AEE /* PlaceList.storyboard */,
			);
			path = PlaceList;
			sourceTree = "<group>";
		};
		67301DD324AB485E0059E606 /* Map */ = {
			isa = PBXGroup;
			children = (
				674B5A5D24AC78D200F1E4F9 /* MapBuilder.swift */,
				674B5A5F24AC78E900F1E4F9 /* MapViewController.swift */,
				674B5A6124AC78FB00F1E4F9 /* MapContracts.swift */,
				674B5A6324AC790700F1E4F9 /* MapPresenter.swift */,
				674B5A6524AC792300F1E4F9 /* MapRouter.swift */,
				674B5A6924AC794B00F1E4F9 /* Map.storyboard */,
			);
			path = Map;
			sourceTree = "<group>";
		};
		67301DD424AB48670059E606 /* PlaceDetail */ = {
			isa = PBXGroup;
			children = (
				674B5A8324ACD17900F1E4F9 /* DetailCell */,
				674B5A5324AC73C200F1E4F9 /* PlaceDetailBuilder.swift */,
				674B5A5524AC73E300F1E4F9 /* PlaceDetailViewController.swift */,
				674B5A5724AC73F800F1E4F9 /* PlaceDetailContracts.swift */,
				674B5A5924AC740B00F1E4F9 /* PlaceDetailPresenter.swift */,
				674B5A5B24AC750200F1E4F9 /* PlaceDetail.storyboard */,
			);
			path = PlaceDetail;
			sourceTree = "<group>";
		};
		67301DE324AB579D0059E606 /* Model */ = {
			isa = PBXGroup;
			children = (
				67301DE424AB57DE0059E606 /* Place.swift */,
				67301DED24AB61700059E606 /* Search.swift */,
				6738C53324AB6FEC00B44AEE /* Geometry.swift */,
				6738C53524ABAAA100B44AEE /* Location.swift */,
				674B5A8E24AD08DE00F1E4F9 /* Photos.swift */,
			);
			path = Model;
			sourceTree = "<group>";
		};
		67301DE624AB5E5C0059E606 /* Network */ = {
			isa = PBXGroup;
			children = (
				67301DE724AB5EEA0059E606 /* APIClient.swift */,
				67301DE924AB60130059E606 /* APIRouter.swift */,
				67301DEB24AB60460059E606 /* Constants.swift */,
			);
			path = Network;
			sourceTree = "<group>";
		};
		6738C53924ABB84600B44AEE /* SearchListCell */ = {
			isa = PBXGroup;
			children = (
				6738C53A24ABB86100B44AEE /* SearchTableViewCell.swift */,
				6738C53B24ABB86100B44AEE /* SearchTableViewCell.xib */,
			);
			path = SearchListCell;
			sourceTree = "<group>";
		};
		674B5A7D24ACB2A500F1E4F9 /* Utility */ = {
			isa = PBXGroup;
			children = (
				674B5A8224ACC43600F1E4F9 /* Extension */,
				674B5A7E24ACB2B600F1E4F9 /* LoadingView.swift */,
				674B5A8824ACD1E900F1E4F9 /* KeyValue.swift */,
				674B5A8C24ACDA7200F1E4F9 /* Helper.swift */,
			);
			path = Utility;
			sourceTree = "<group>";
		};
		674B5A8224ACC43600F1E4F9 /* Extension */ = {
			isa = PBXGroup;
			children = (
				674B5A8024ACC43200F1E4F9 /* UIViewController.swift */,
			);
			path = Extension;
			sourceTree = "<group>";
		};
		674B5A8324ACD17900F1E4F9 /* DetailCell */ = {
			isa = PBXGroup;
			children = (
				674B5A8424ACD19400F1E4F9 /* DetailTableViewCell.swift */,
				674B5A8524ACD19400F1E4F9 /* DetailTableViewCell.xib */,
			);
			path = DetailCell;
			sourceTree = "<group>";
		};
/* End PBXGroup section */

/* Begin PBXNativeTarget section */
		67207FFA24AE12F7004E4681 /* MARTITests */ = {
			isa = PBXNativeTarget;
			buildConfigurationList = 6720800224AE12F7004E4681 /* Build configuration list for PBXNativeTarget "MARTITests" */;
			buildPhases = (
				4C2CB113EE107325ECB64708 /* [CP] Check Pods Manifest.lock */,
				67207FF724AE12F7004E4681 /* Sources */,
				67207FF824AE12F7004E4681 /* Frameworks */,
				67207FF924AE12F7004E4681 /* Resources */,
				49F788702F52D3B1C423C6AB /* [CP] Copy Pods Resources */,
			);
			buildRules = (
			);
			dependencies = (
				6720800124AE12F7004E4681 /* PBXTargetDependency */,
			);
			name = MARTITests;
			productName = MARTITests;
			productReference = 67207FFB24AE12F7004E4681 /* MARTITests.xctest */;
			productType = "com.apple.product-type.bundle.unit-test";
		};
		67301DB424AB45730059E606 /* MARTI */ = {
			isa = PBXNativeTarget;
			buildConfigurationList = 67301DC924AB45740059E606 /* Build configuration list for PBXNativeTarget "MARTI" */;
			buildPhases = (
				0E69C0691D0BD88BA85C100E /* [CP] Check Pods Manifest.lock */,
				67301DB124AB45730059E606 /* Sources */,
				67301DB224AB45730059E606 /* Frameworks */,
				67301DB324AB45730059E606 /* Resources */,
				461BAC3F50674DBACCC568C2 /* [CP] Copy Pods Resources */,
			);
			buildRules = (
			);
			dependencies = (
			);
			name = MARTI;
			productName = MARTI;
			productReference = 67301DB524AB45730059E606 /* MARTI.app */;
			productType = "com.apple.product-type.application";
		};
/* End PBXNativeTarget section */

/* Begin PBXProject section */
		67301DAD24AB45730059E606 /* Project object */ = {
			isa = PBXProject;
			attributes = {
				LastSwiftUpdateCheck = 1100;
				LastUpgradeCheck = 1100;
				ORGANIZATIONNAME = "burak kaya";
				TargetAttributes = {
					67207FFA24AE12F7004E4681 = {
						CreatedOnToolsVersion = 11.0;
						TestTargetID = 67301DB424AB45730059E606;
					};
					67301DB424AB45730059E606 = {
						CreatedOnToolsVersion = 11.0;
					};
				};
			};
			buildConfigurationList = 67301DB024AB45730059E606 /* Build configuration list for PBXProject "MARTI" */;
			compatibilityVersion = "Xcode 9.3";
			developmentRegion = en;
			hasScannedForEncodings = 0;
			knownRegions = (
				en,
				Base,
			);
			mainGroup = 67301DAC24AB45730059E606;
			productRefGroup = 67301DB624AB45730059E606 /* Products */;
			projectDirPath = "";
			projectRoot = "";
			targets = (
				67301DB424AB45730059E606 /* MARTI */,
				67207FFA24AE12F7004E4681 /* MARTITests */,
			);
		};
/* End PBXProject section */

/* Begin PBXResourcesBuildPhase section */
		67207FF924AE12F7004E4681 /* Resources */ = {
			isa = PBXResourcesBuildPhase;
			buildActionMask = 2147483647;
			files = (
				6720801124AE1F2D004E4681 /* search.json in Resources */,
			);
			runOnlyForDeploymentPostprocessing = 0;
		};
		67301DB324AB45730059E606 /* Resources */ = {
			isa = PBXResourcesBuildPhase;
			buildActionMask = 2147483647;
			files = (
				6738C53824ABABF300B44AEE /* PlaceList.storyboard in Resources */,
				674B5A5C24AC750200F1E4F9 /* PlaceDetail.storyboard in Resources */,
				67301DC524AB45740059E606 /* LaunchScreen.storyboard in Resources */,
				67301DC224AB45740059E606 /* Assets.xcassets in Resources */,
				6738C53D24ABB86100B44AEE /* SearchTableViewCell.xib in Resources */,
				674B5A8724ACD19400F1E4F9 /* DetailTableViewCell.xib in Resources */,
				674B5A6A24AC794B00F1E4F9 /* Map.storyboard in Resources */,
			);
			runOnlyForDeploymentPostprocessing = 0;
		};
/* End PBXResourcesBuildPhase section */

/* Begin PBXShellScriptBuildPhase section */
		0E69C0691D0BD88BA85C100E /* [CP] Check Pods Manifest.lock */ = {
			isa = PBXShellScriptBuildPhase;
			buildActionMask = 2147483647;
			files = (
			);
			inputFileListPaths = (
			);
			inputPaths = (
				"${PODS_PODFILE_DIR_PATH}/Podfile.lock",
				"${PODS_ROOT}/Manifest.lock",
			);
			name = "[CP] Check Pods Manifest.lock";
			outputFileListPaths = (
			);
			outputPaths = (
				"$(DERIVED_FILE_DIR)/Pods-MARTI-checkManifestLockResult.txt",
			);
			runOnlyForDeploymentPostprocessing = 0;
			shellPath = /bin/sh;
			shellScript = "diff \"${PODS_PODFILE_DIR_PATH}/Podfile.lock\" \"${PODS_ROOT}/Manifest.lock\" > /dev/null\nif [ $? != 0 ] ; then\n    # print error to STDERR\n    echo \"error: The sandbox is not in sync with the Podfile.lock. Run 'pod install' or update your CocoaPods installation.\" >&2\n    exit 1\nfi\n# This output is used by Xcode 'outputs' to avoid re-running this script phase.\necho \"SUCCESS\" > \"${SCRIPT_OUTPUT_FILE_0}\"\n";
			showEnvVarsInLog = 0;
		};
		461BAC3F50674DBACCC568C2 /* [CP] Copy Pods Resources */ = {
			isa = PBXShellScriptBuildPhase;
			buildActionMask = 2147483647;
			files = (
			);
			inputFileListPaths = (
				"${PODS_ROOT}/Target Support Files/Pods-MARTI/Pods-MARTI-resources-${CONFIGURATION}-input-files.xcfilelist",
			);
			name = "[CP] Copy Pods Resources";
			outputFileListPaths = (
				"${PODS_ROOT}/Target Support Files/Pods-MARTI/Pods-MARTI-resources-${CONFIGURATION}-output-files.xcfilelist",
			);
			runOnlyForDeploymentPostprocessing = 0;
			shellPath = /bin/sh;
			shellScript = "\"${PODS_ROOT}/Target Support Files/Pods-MARTI/Pods-MARTI-resources.sh\"\n";
			showEnvVarsInLog = 0;
		};
		49F788702F52D3B1C423C6AB /* [CP] Copy Pods Resources */ = {
			isa = PBXShellScriptBuildPhase;
			buildActionMask = 2147483647;
			files = (
			);
			inputFileListPaths = (
				"${PODS_ROOT}/Target Support Files/Pods-MARTITests/Pods-MARTITests-resources-${CONFIGURATION}-input-files.xcfilelist",
			);
			name = "[CP] Copy Pods Resources";
			outputFileListPaths = (
				"${PODS_ROOT}/Target Support Files/Pods-MARTITests/Pods-MARTITests-resources-${CONFIGURATION}-output-files.xcfilelist",
			);
			runOnlyForDeploymentPostprocessing = 0;
			shellPath = /bin/sh;
			shellScript = "\"${PODS_ROOT}/Target Support Files/Pods-MARTITests/Pods-MARTITests-resources.sh\"\n";
			showEnvVarsInLog = 0;
		};
		4C2CB113EE107325ECB64708 /* [CP] Check Pods Manifest.lock */ = {
			isa = PBXShellScriptBuildPhase;
			buildActionMask = 2147483647;
			files = (
			);
			inputFileListPaths = (
			);
			inputPaths = (
				"${PODS_PODFILE_DIR_PATH}/Podfile.lock",
				"${PODS_ROOT}/Manifest.lock",
			);
			name = "[CP] Check Pods Manifest.lock";
			outputFileListPaths = (
			);
			outputPaths = (
				"$(DERIVED_FILE_DIR)/Pods-MARTITests-checkManifestLockResult.txt",
			);
			runOnlyForDeploymentPostprocessing = 0;
			shellPath = /bin/sh;
			shellScript = "diff \"${PODS_PODFILE_DIR_PATH}/Podfile.lock\" \"${PODS_ROOT}/Manifest.lock\" > /dev/null\nif [ $? != 0 ] ; then\n    # print error to STDERR\n    echo \"error: The sandbox is not in sync with the Podfile.lock. Run 'pod install' or update your CocoaPods installation.\" >&2\n    exit 1\nfi\n# This output is used by Xcode 'outputs' to avoid re-running this script phase.\necho \"SUCCESS\" > \"${SCRIPT_OUTPUT_FILE_0}\"\n";
			showEnvVarsInLog = 0;
		};
/* End PBXShellScriptBuildPhase section */

/* Begin PBXSourcesBuildPhase section */
		67207FF724AE12F7004E4681 /* Sources */ = {
			isa = PBXSourcesBuildPhase;
			buildActionMask = 2147483647;
			files = (
				6720800524AE1306004E4681 /* ResourceLoader.swift in Sources */,
				6720800724AE13AE004E4681 /* MARTITests.swift in Sources */,
			);
			runOnlyForDeploymentPostprocessing = 0;
		};
		67301DB124AB45730059E606 /* Sources */ = {
			isa = PBXSourcesBuildPhase;
			buildActionMask = 2147483647;
			files = (
				674B5A8124ACC43200F1E4F9 /* UIViewController.swift in Sources */,
				674B5A8924ACD1E900F1E4F9 /* KeyValue.swift in Sources */,
				6738C53424AB6FEC00B44AEE /* Geometry.swift in Sources */,
				67301DE124AB49460059E606 /* PlaceListContracts.swift in Sources */,
				674B5A5624AC73E300F1E4F9 /* PlaceDetailViewController.swift in Sources */,
				67301DDC24AB48D20059E606 /* PlaceListPresenter.swift in Sources */,
				674B5A8D24ACDA7200F1E4F9 /* Helper.swift in Sources */,
				674B5A7F24ACB2B600F1E4F9 /* LoadingView.swift in Sources */,
				6738C53624ABAAA100B44AEE /* Location.swift in Sources */,
				67301DE524AB57DE0059E606 /* Place.swift in Sources */,
				67301DCE24AB47BD0059E606 /* AppContainer.swift in Sources */,
				674B5A6424AC790700F1E4F9 /* MapPresenter.swift in Sources */,
				67301DEE24AB61700059E606 /* Search.swift in Sources */,
				67301DEC24AB60460059E606 /* Constants.swift in Sources */,
				674B5A6024AC78E900F1E4F9 /* MapViewController.swift in Sources */,
				674B5A5424AC73C200F1E4F9 /* PlaceDetailBuilder.swift in Sources */,
				674B5A5E24AC78D200F1E4F9 /* MapBuilder.swift in Sources */,
				674B5A6624AC792300F1E4F9 /* MapRouter.swift in Sources */,
				674B5A6224AC78FC00F1E4F9 /* MapContracts.swift in Sources */,
				674B5A8624ACD19400F1E4F9 /* DetailTableViewCell.swift in Sources */,
				67301DDA24AB48C50059E606 /* PlaceListRouter.swift in Sources */,
				6738C53C24ABB86100B44AEE /* SearchTableViewCell.swift in Sources */,
				67301DB924AB45730059E606 /* AppDelegate.swift in Sources */,
				67301DEA24AB60130059E606 /* APIRouter.swift in Sources */,
				674B5A5A24AC740B00F1E4F9 /* PlaceDetailPresenter.swift in Sources */,
				67301DD024AB47C80059E606 /* AppRouter.swift in Sources */,
				67301DDF24AB48FD0059E606 /* PlaceListViewController.swift in Sources */,
				67301DE824AB5EEA0059E606 /* APIClient.swift in Sources */,
				67301DD824AB48B40059E606 /* PlaceListInteractor.swift in Sources */,
				674B5A5824AC73F800F1E4F9 /* PlaceDetailContracts.swift in Sources */,
				674B5A8F24AD08DE00F1E4F9 /* Photos.swift in Sources */,
				67301DD624AB489F0059E606 /* PlaceListBuilder.swift in Sources */,
			);
			runOnlyForDeploymentPostprocessing = 0;
		};
/* End PBXSourcesBuildPhase section */

/* Begin PBXTargetDependency section */
		6720800124AE12F7004E4681 /* PBXTargetDependency */ = {
			isa = PBXTargetDependency;
			target = 67301DB424AB45730059E606 /* MARTI */;
			targetProxy = 6720800024AE12F7004E4681 /* PBXContainerItemProxy */;
		};
/* End PBXTargetDependency section */

/* Begin PBXVariantGroup section */
		67301DC324AB45740059E606 /* LaunchScreen.storyboard */ = {
			isa = PBXVariantGroup;
			children = (
				67301DC424AB45740059E606 /* Base */,
			);
			name = LaunchScreen.storyboard;
			sourceTree = "<group>";
		};
/* End PBXVariantGroup section */

/* Begin XCBuildConfiguration section */
		6720800324AE12F7004E4681 /* Debug */ = {
			isa = XCBuildConfiguration;
			baseConfigurationReference = 042FAA112B80F0A9A75538AD /* Pods-MARTITests.debug.xcconfig */;
			buildSettings = {
				ALWAYS_EMBED_SWIFT_STANDARD_LIBRARIES = YES;
				BUNDLE_LOADER = "$(TEST_HOST)";
				CODE_SIGN_STYLE = Automatic;
				DEVELOPMENT_TEAM = 7UJ425XN7W;
				INFOPLIST_FILE = MARTITests/Info.plist;
				LD_RUNPATH_SEARCH_PATHS = (
					"$(inherited)",
					"@executable_path/Frameworks",
					"@loader_path/Frameworks",
				);
				LIBRARY_SEARCH_PATHS = (
					"$(inherited)",
					"\"${PODS_CONFIGURATION_BUILD_DIR}/Alamofire\"",
				);
				PRODUCT_BUNDLE_IDENTIFIER = "burak-kaya.MARTITests";
				PRODUCT_NAME = "$(TARGET_NAME)";
				SWIFT_VERSION = 5.0;
				TARGETED_DEVICE_FAMILY = "1,2";
				TEST_HOST = "$(BUILT_PRODUCTS_DIR)/MARTI.app/MARTI";
			};
			name = Debug;
		};
		6720800424AE12F7004E4681 /* Release */ = {
			isa = XCBuildConfiguration;
			baseConfigurationReference = A03617AFF0F5E839DDE6FFD8 /* Pods-MARTITests.release.xcconfig */;
			buildSettings = {
				ALWAYS_EMBED_SWIFT_STANDARD_LIBRARIES = YES;
				BUNDLE_LOADER = "$(TEST_HOST)";
				CODE_SIGN_STYLE = Automatic;
				DEVELOPMENT_TEAM = 7UJ425XN7W;
				INFOPLIST_FILE = MARTITests/Info.plist;
				LD_RUNPATH_SEARCH_PATHS = (
					"$(inherited)",
					"@executable_path/Frameworks",
					"@loader_path/Frameworks",
				);
				LIBRARY_SEARCH_PATHS = "$(inherited)";
				PRODUCT_BUNDLE_IDENTIFIER = "burak-kaya.MARTITests";
				PRODUCT_NAME = "$(TARGET_NAME)";
				SWIFT_VERSION = 5.0;
				TARGETED_DEVICE_FAMILY = "1,2";
				TEST_HOST = "$(BUILT_PRODUCTS_DIR)/MARTI.app/MARTI";
			};
			name = Release;
		};
		67301DC724AB45740059E606 /* Debug */ = {
			isa = XCBuildConfiguration;
			buildSettings = {
				ALWAYS_SEARCH_USER_PATHS = NO;
				CLANG_ANALYZER_NONNULL = YES;
				CLANG_ANALYZER_NUMBER_OBJECT_CONVERSION = YES_AGGRESSIVE;
				CLANG_CXX_LANGUAGE_STANDARD = "gnu++14";
				CLANG_CXX_LIBRARY = "libc++";
				CLANG_ENABLE_MODULES = YES;
				CLANG_ENABLE_OBJC_ARC = YES;
				CLANG_ENABLE_OBJC_WEAK = YES;
				CLANG_WARN_BLOCK_CAPTURE_AUTORELEASING = YES;
				CLANG_WARN_BOOL_CONVERSION = YES;
				CLANG_WARN_COMMA = YES;
				CLANG_WARN_CONSTANT_CONVERSION = YES;
				CLANG_WARN_DEPRECATED_OBJC_IMPLEMENTATIONS = YES;
				CLANG_WARN_DIRECT_OBJC_ISA_USAGE = YES_ERROR;
				CLANG_WARN_DOCUMENTATION_COMMENTS = YES;
				CLANG_WARN_EMPTY_BODY = YES;
				CLANG_WARN_ENUM_CONVERSION = YES;
				CLANG_WARN_INFINITE_RECURSION = YES;
				CLANG_WARN_INT_CONVERSION = YES;
				CLANG_WARN_NON_LITERAL_NULL_CONVERSION = YES;
				CLANG_WARN_OBJC_IMPLICIT_RETAIN_SELF = YES;
				CLANG_WARN_OBJC_LITERAL_CONVERSION = YES;
				CLANG_WARN_OBJC_ROOT_CLASS = YES_ERROR;
				CLANG_WARN_RANGE_LOOP_ANALYSIS = YES;
				CLANG_WARN_STRICT_PROTOTYPES = YES;
				CLANG_WARN_SUSPICIOUS_MOVE = YES;
				CLANG_WARN_UNGUARDED_AVAILABILITY = YES_AGGRESSIVE;
				CLANG_WARN_UNREACHABLE_CODE = YES;
				CLANG_WARN__DUPLICATE_METHOD_MATCH = YES;
				COPY_PHASE_STRIP = NO;
				DEBUG_INFORMATION_FORMAT = dwarf;
				ENABLE_STRICT_OBJC_MSGSEND = YES;
				ENABLE_TESTABILITY = YES;
				GCC_C_LANGUAGE_STANDARD = gnu11;
				GCC_DYNAMIC_NO_PIC = NO;
				GCC_NO_COMMON_BLOCKS = YES;
				GCC_OPTIMIZATION_LEVEL = 0;
				GCC_PREPROCESSOR_DEFINITIONS = (
					"DEBUG=1",
					"$(inherited)",
				);
				GCC_WARN_64_TO_32_BIT_CONVERSION = YES;
				GCC_WARN_ABOUT_RETURN_TYPE = YES_ERROR;
				GCC_WARN_UNDECLARED_SELECTOR = YES;
				GCC_WARN_UNINITIALIZED_AUTOS = YES_AGGRESSIVE;
				GCC_WARN_UNUSED_FUNCTION = YES;
				GCC_WARN_UNUSED_VARIABLE = YES;
				IPHONEOS_DEPLOYMENT_TARGET = 13.0;
				MTL_ENABLE_DEBUG_INFO = INCLUDE_SOURCE;
				MTL_FAST_MATH = YES;
				ONLY_ACTIVE_ARCH = YES;
				SDKROOT = iphoneos;
				SWIFT_ACTIVE_COMPILATION_CONDITIONS = DEBUG;
				SWIFT_OPTIMIZATION_LEVEL = "-Onone";
			};
			name = Debug;
		};
		67301DC824AB45740059E606 /* Release */ = {
			isa = XCBuildConfiguration;
			buildSettings = {
				ALWAYS_SEARCH_USER_PATHS = NO;
				CLANG_ANALYZER_NONNULL = YES;
				CLANG_ANALYZER_NUMBER_OBJECT_CONVERSION = YES_AGGRESSIVE;
				CLANG_CXX_LANGUAGE_STANDARD = "gnu++14";
				CLANG_CXX_LIBRARY = "libc++";
				CLANG_ENABLE_MODULES = YES;
				CLANG_ENABLE_OBJC_ARC = YES;
				CLANG_ENABLE_OBJC_WEAK = YES;
				CLANG_WARN_BLOCK_CAPTURE_AUTORELEASING = YES;
				CLANG_WARN_BOOL_CONVERSION = YES;
				CLANG_WARN_COMMA = YES;
				CLANG_WARN_CONSTANT_CONVERSION = YES;
				CLANG_WARN_DEPRECATED_OBJC_IMPLEMENTATIONS = YES;
				CLANG_WARN_DIRECT_OBJC_ISA_USAGE = YES_ERROR;
				CLANG_WARN_DOCUMENTATION_COMMENTS = YES;
				CLANG_WARN_EMPTY_BODY = YES;
				CLANG_WARN_ENUM_CONVERSION = YES;
				CLANG_WARN_INFINITE_RECURSION = YES;
				CLANG_WARN_INT_CONVERSION = YES;
				CLANG_WARN_NON_LITERAL_NULL_CONVERSION = YES;
				CLANG_WARN_OBJC_IMPLICIT_RETAIN_SELF = YES;
				CLANG_WARN_OBJC_LITERAL_CONVERSION = YES;
				CLANG_WARN_OBJC_ROOT_CLASS = YES_ERROR;
				CLANG_WARN_RANGE_LOOP_ANALYSIS = YES;
				CLANG_WARN_STRICT_PROTOTYPES = YES;
				CLANG_WARN_SUSPICIOUS_MOVE = YES;
				CLANG_WARN_UNGUARDED_AVAILABILITY = YES_AGGRESSIVE;
				CLANG_WARN_UNREACHABLE_CODE = YES;
				CLANG_WARN__DUPLICATE_METHOD_MATCH = YES;
				COPY_PHASE_STRIP = NO;
				DEBUG_INFORMATION_FORMAT = "dwarf-with-dsym";
				ENABLE_NS_ASSERTIONS = NO;
				ENABLE_STRICT_OBJC_MSGSEND = YES;
				GCC_C_LANGUAGE_STANDARD = gnu11;
				GCC_NO_COMMON_BLOCKS = YES;
				GCC_WARN_64_TO_32_BIT_CONVERSION = YES;
				GCC_WARN_ABOUT_RETURN_TYPE = YES_ERROR;
				GCC_WARN_UNDECLARED_SELECTOR = YES;
				GCC_WARN_UNINITIALIZED_AUTOS = YES_AGGRESSIVE;
				GCC_WARN_UNUSED_FUNCTION = YES;
				GCC_WARN_UNUSED_VARIABLE = YES;
				IPHONEOS_DEPLOYMENT_TARGET = 13.0;
				MTL_ENABLE_DEBUG_INFO = NO;
				MTL_FAST_MATH = YES;
				SDKROOT = iphoneos;
				SWIFT_COMPILATION_MODE = wholemodule;
				SWIFT_OPTIMIZATION_LEVEL = "-O";
				VALIDATE_PRODUCT = YES;
			};
			name = Release;
		};
		67301DCA24AB45740059E606 /* Debug */ = {
			isa = XCBuildConfiguration;
			baseConfigurationReference = A2E70733BB06DA9E4E9A27AB /* Pods-MARTI.debug.xcconfig */;
			buildSettings = {
				ASSETCATALOG_COMPILER_APPICON_NAME = AppIcon;
				CODE_SIGN_STYLE = Automatic;
				DEVELOPMENT_TEAM = 7UJ425XN7W;
				INFOPLIST_FILE = MARTI/Info.plist;
				LD_RUNPATH_SEARCH_PATHS = (
					"$(inherited)",
					"@executable_path/Frameworks",
				);
				PRODUCT_BUNDLE_IDENTIFIER = "burak-kaya.MARTI";
				PRODUCT_NAME = "$(TARGET_NAME)";
				SWIFT_VERSION = 5.0;
				TARGETED_DEVICE_FAMILY = 1;
			};
			name = Debug;
		};
		67301DCB24AB45740059E606 /* Release */ = {
			isa = XCBuildConfiguration;
			baseConfigurationReference = 6ADE0DFD74BB7999FADE4A3C /* Pods-MARTI.release.xcconfig */;
			buildSettings = {
				ASSETCATALOG_COMPILER_APPICON_NAME = AppIcon;
				CODE_SIGN_STYLE = Automatic;
				DEVELOPMENT_TEAM = 7UJ425XN7W;
				INFOPLIST_FILE = MARTI/Info.plist;
				LD_RUNPATH_SEARCH_PATHS = (
					"$(inherited)",
					"@executable_path/Frameworks",
				);
				PRODUCT_BUNDLE_IDENTIFIER = "burak-kaya.MARTI";
				PRODUCT_NAME = "$(TARGET_NAME)";
				SWIFT_VERSION = 5.0;
				TARGETED_DEVICE_FAMILY = 1;
			};
			name = Release;
		};
/* End XCBuildConfiguration section */

/* Begin XCConfigurationList section */
		6720800224AE12F7004E4681 /* Build configuration list for PBXNativeTarget "MARTITests" */ = {
			isa = XCConfigurationList;
			buildConfigurations = (
				6720800324AE12F7004E4681 /* Debug */,
				6720800424AE12F7004E4681 /* Release */,
			);
			defaultConfigurationIsVisible = 0;
			defaultConfigurationName = Release;
		};
		67301DB024AB45730059E606 /* Build configuration list for PBXProject "MARTI" */ = {
			isa = XCConfigurationList;
			buildConfigurations = (
				67301DC724AB45740059E606 /* Debug */,
				67301DC824AB45740059E606 /* Release */,
			);
			defaultConfigurationIsVisible = 0;
			defaultConfigurationName = Release;
		};
		67301DC924AB45740059E606 /* Build configuration list for PBXNativeTarget "MARTI" */ = {
			isa = XCConfigurationList;
			buildConfigurations = (
				67301DCA24AB45740059E606 /* Debug */,
				67301DCB24AB45740059E606 /* Release */,
			);
			defaultConfigurationIsVisible = 0;
			defaultConfigurationName = Release;
		};
/* End XCConfigurationList section */
	};
	rootObject = 67301DAD24AB45730059E606 /* Project object */;
}
